
Microsoft Visual Studio Solution File, Format Version 12.00
# Visual Studio Version 17
VisualStudioVersion = 17.7.34031.279
MinimumVisualStudioVersion = 10.0.40219.1
Project("{FAE04EC0-301F-11D3-BF4B-00C04F79EFBC}") = "DoAn", "DoAn\DoAn.csproj", "{D407B130-E47F-4243-8F3C-96C87C75D507}"
EndProject
Global
	GlobalSection(SolutionConfigurationPlatforms) = preSolution
		Debug|Any CPU = Debug|Any CPU
		Release|Any CPU = Release|Any CPU
	EndGlobalSection
	GlobalSection(ProjectConfigurationPlatforms) = postSolution
		{D407B130-E47F-4243-8F3C-96C87C75D507}.Debug|Any CPU.ActiveCfg = Debug|Any CPU
		{D407B130-E47F-4243-8F3C-96C87C75D507}.Debug|Any CPU.Build.0 = Debug|Any CPU
		{D407B130-E47F-4243-8F3C-96C87C75D507}.Release|Any CPU.ActiveCfg = Release|Any CPU
		{D407B130-E47F-4243-8F3C-96C87C75D507}.Release|Any CPU.Build.0 = Release|Any CPU
	EndGlobalSection
	GlobalSection(SolutionProperties) = preSolution
		HideSolutionNode = FALSE
	EndGlobalSection
	GlobalSection(ExtensibilityGlobals) = postSolution
		SolutionGuid = {EA49D9C9-074F-42D6-A5B9-0BF7135EE1A9}
	EndGlobalSection
EndGlobal
